
Microsoft Visual Studio Solution File, Format Version 12.00
# Visual Studio 15
VisualStudioVersion = 15.0.27703.2018
MinimumVisualStudioVersion = 10.0.40219.1
Project("{8BC9CEB8-8B4A-11D0-8D11-00A0C91BC942}") = "HIDAccessor.Dll", "HIDAccessor.Dll\HIDAccessor.Dll.vcxproj", "{67855ACB-223C-42E4-80A3-A32622A5CD19}"
EndProject
Project("{8BC9CEB8-8B4A-11D0-8D11-00A0C91BC942}") = "HIDAccessor.Test", "HIDAccessor.Test\HIDAccessor.Test.vcxproj", "{F205EA25-27BB-4C61-9C64-B5A27C77737A}"
	ProjectSection(ProjectDependencies) = postProject
		{67855ACB-223C-42E4-80A3-A32622A5CD19} = {67855ACB-223C-42E4-80A3-A32622A5CD19}
	EndProjectSection
EndProject
Global
	GlobalSection(SolutionConfigurationPlatforms) = preSolution
		Debug|x64 = Debug|x64
		Debug|x86 = Debug|x86
		Release|x64 = Release|x64
		Release|x86 = Release|x86
	EndGlobalSection
	GlobalSection(ProjectConfigurationPlatforms) = postSolution
		{67855ACB-223C-42E4-80A3-A32622A5CD19}.Debug|x64.ActiveCfg = Debug|x64
		{67855ACB-223C-42E4-80A3-A32622A5CD19}.Debug|x64.Build.0 = Debug|x64
		{67855ACB-223C-42E4-80A3-A32622A5CD19}.Debug|x86.ActiveCfg = Debug|Win32
		{67855ACB-223C-42E4-80A3-A32622A5CD19}.Debug|x86.Build.0 = Debug|Win32
		{67855ACB-223C-42E4-80A3-A32622A5CD19}.Release|x64.ActiveCfg = Release|x64
		{67855ACB-223C-42E4-80A3-A32622A5CD19}.Release|x64.Build.0 = Release|x64
		{67855ACB-223C-42E4-80A3-A32622A5CD19}.Release|x86.ActiveCfg = Release|Win32
		{67855ACB-223C-42E4-80A3-A32622A5CD19}.Release|x86.Build.0 = Release|Win32
		{F205EA25-27BB-4C61-9C64-B5A27C77737A}.Debug|x64.ActiveCfg = Debug|x64
		{F205EA25-27BB-4C61-9C64-B5A27C77737A}.Debug|x64.Build.0 = Debug|x64
		{F205EA25-27BB-4C61-9C64-B5A27C77737A}.Debug|x86.ActiveCfg = Debug|Win32
		{F205EA25-27BB-4C61-9C64-B5A27C77737A}.Debug|x86.Build.0 = Debug|Win32
		{F205EA25-27BB-4C61-9C64-B5A27C77737A}.Release|x64.ActiveCfg = Release|x64
		{F205EA25-27BB-4C61-9C64-B5A27C77737A}.Release|x64.Build.0 = Release|x64
		{F205EA25-27BB-4C61-9C64-B5A27C77737A}.Release|x86.ActiveCfg = Release|Win32
		{F205EA25-27BB-4C61-9C64-B5A27C77737A}.Release|x86.Build.0 = Release|Win32
	EndGlobalSection
	GlobalSection(SolutionProperties) = preSolution
		HideSolutionNode = FALSE
	EndGlobalSection
	GlobalSection(ExtensibilityGlobals) = postSolution
		SolutionGuid = {9DB1FF81-001F-402D-8A20-9652C50641E6}
	EndGlobalSection
EndGlobal
